
Microsoft Visual Studio Solution File, Format Version 12.00
# Visual Studio 15
VisualStudioVersion = 15.0.28307.1209
MinimumVisualStudioVersion = 10.0.40219.1
Project("{FAE04EC0-301F-11D3-BF4B-00C04F79EFBC}") = "store", "store\store.csproj", "{52C0965E-626A-417A-AC2C-9207DD4D49D9}"
EndProject
Global
	GlobalSection(SolutionConfigurationPlatforms) = preSolution
		Debug|Any CPU = Debug|Any CPU
		Release|Any CPU = Release|Any CPU
	EndGlobalSection
	GlobalSection(ProjectConfigurationPlatforms) = postSolution
		{52C0965E-626A-417A-AC2C-9207DD4D49D9}.Debug|Any CPU.ActiveCfg = Debug|Any CPU
		{52C0965E-626A-417A-AC2C-9207DD4D49D9}.Debug|Any CPU.Build.0 = Debug|Any CPU
		{52C0965E-626A-417A-AC2C-9207DD4D49D9}.Release|Any CPU.ActiveCfg = Release|Any CPU
		{52C0965E-626A-417A-AC2C-9207DD4D49D9}.Release|Any CPU.Build.0 = Release|Any CPU
	EndGlobalSection
	GlobalSection(SolutionProperties) = preSolution
		HideSolutionNode = FALSE
	EndGlobalSection
	GlobalSection(ExtensibilityGlobals) = postSolution
		SolutionGuid = {28E36DC0-EECE-4545-B36B-5CFB5D65A9CB}
	EndGlobalSection
EndGlobal
